
Microsoft Visual Studio Solution File, Format Version 12.00
# Visual Studio Version 17
VisualStudioVersion = 17.13.35818.85 d17.13
MinimumVisualStudioVersion = 10.0.40219.1
Project("{FAE04EC0-301F-11D3-BF4B-00C04F79EFBC}") = "tpmodul10_103022330026", "tpmodul10_103022330026\tpmodul10_103022330026.csproj", "{958DDF28-E670-4951-985A-B6A0858839FF}"
EndProject
Global
	GlobalSection(SolutionConfigurationPlatforms) = preSolution
		Debug|Any CPU = Debug|Any CPU
		Release|Any CPU = Release|Any CPU
	EndGlobalSection
	GlobalSection(ProjectConfigurationPlatforms) = postSolution
		{958DDF28-E670-4951-985A-B6A0858839FF}.Debug|Any CPU.ActiveCfg = Debug|Any CPU
		{958DDF28-E670-4951-985A-B6A0858839FF}.Debug|Any CPU.Build.0 = Debug|Any CPU
		{958DDF28-E670-4951-985A-B6A0858839FF}.Release|Any CPU.ActiveCfg = Release|Any CPU
		{958DDF28-E670-4951-985A-B6A0858839FF}.Release|Any CPU.Build.0 = Release|Any CPU
	EndGlobalSection
	GlobalSection(SolutionProperties) = preSolution
		HideSolutionNode = FALSE
	EndGlobalSection
	GlobalSection(ExtensibilityGlobals) = postSolution
		SolutionGuid = {18513CEA-8AA5-4AA5-A524-1EABC3727B82}
	EndGlobalSection
EndGlobal
